
Microsoft Visual Studio Solution File, Format Version 12.00
# Visual Studio Version 17
VisualStudioVersion = 17.3.32929.385
MinimumVisualStudioVersion = 10.0.40219.1
Project("{FAE04EC0-301F-11D3-BF4B-00C04F79EFBC}") = "BankTransaction", "BankTransaction\BankTransaction.csproj", "{7250E852-BED1-4567-AF7C-3EC1AEC21103}"
EndProject
Global
	GlobalSection(SolutionConfigurationPlatforms) = preSolution
		Debug|Any CPU = Debug|Any CPU
		Release|Any CPU = Release|Any CPU
	EndGlobalSection
	GlobalSection(ProjectConfigurationPlatforms) = postSolution
		{7250E852-BED1-4567-AF7C-3EC1AEC21103}.Debug|Any CPU.ActiveCfg = Debug|Any CPU
		{7250E852-BED1-4567-AF7C-3EC1AEC21103}.Debug|Any CPU.Build.0 = Debug|Any CPU
		{7250E852-BED1-4567-AF7C-3EC1AEC21103}.Release|Any CPU.ActiveCfg = Release|Any CPU
		{7250E852-BED1-4567-AF7C-3EC1AEC21103}.Release|Any CPU.Build.0 = Release|Any CPU
	EndGlobalSection
	GlobalSection(SolutionProperties) = preSolution
		HideSolutionNode = FALSE
	EndGlobalSection
	GlobalSection(ExtensibilityGlobals) = postSolution
		SolutionGuid = {6D6EBFE7-D2EE-4324-9770-17A90B6C547C}
	EndGlobalSection
EndGlobal
